
Microsoft Visual Studio Solution File, Format Version 12.00
# Visual Studio Version 17
VisualStudioVersion = 17.8.34408.163
MinimumVisualStudioVersion = 10.0.40219.1
Project("{9A19103F-16F7-4668-BE54-9A1E7A4F7556}") = "UralRadioEngineeringJournal.Blazor", "UralRadioEngineeringJournal.Blazor\UralRadioEngineeringJournal.Blazor.csproj", "{6475936C-946F-4447-A656-57406E1D12E2}"
EndProject
Project("{9A19103F-16F7-4668-BE54-9A1E7A4F7556}") = "UralRadioEngineeringJournal.API", "UralRadioEngineeringJournal.API\UralRadioEngineeringJournal.API.csproj", "{D8F22287-5060-479B-B055-B635E0258B5A}"
EndProject
Project("{9A19103F-16F7-4668-BE54-9A1E7A4F7556}") = "UralRadioEngineeringJournal.Domain", "UralRadioEngineeringJournal.Domain\UralRadioEngineeringJournal.Domain.csproj", "{1DFD6CBA-76DF-400A-995C-1EF7DA358194}"
EndProject
Project("{9A19103F-16F7-4668-BE54-9A1E7A4F7556}") = "UralRadioEngineeringJournal.Persistence", "UralRadioEngineeringJournal.Persistence\UralRadioEngineeringJournal.Persistence.csproj", "{3687CF56-A38A-4BB0-8471-B0B40A0CB332}"
EndProject
Global
	GlobalSection(SolutionConfigurationPlatforms) = preSolution
		Debug|Any CPU = Debug|Any CPU
		Release|Any CPU = Release|Any CPU
	EndGlobalSection
	GlobalSection(ProjectConfigurationPlatforms) = postSolution
		{6475936C-946F-4447-A656-57406E1D12E2}.Debug|Any CPU.ActiveCfg = Debug|Any CPU
		{6475936C-946F-4447-A656-57406E1D12E2}.Debug|Any CPU.Build.0 = Debug|Any CPU
		{6475936C-946F-4447-A656-57406E1D12E2}.Release|Any CPU.ActiveCfg = Release|Any CPU
		{6475936C-946F-4447-A656-57406E1D12E2}.Release|Any CPU.Build.0 = Release|Any CPU
		{D8F22287-5060-479B-B055-B635E0258B5A}.Debug|Any CPU.ActiveCfg = Debug|Any CPU
		{D8F22287-5060-479B-B055-B635E0258B5A}.Debug|Any CPU.Build.0 = Debug|Any CPU
		{D8F22287-5060-479B-B055-B635E0258B5A}.Release|Any CPU.ActiveCfg = Release|Any CPU
		{D8F22287-5060-479B-B055-B635E0258B5A}.Release|Any CPU.Build.0 = Release|Any CPU
		{1DFD6CBA-76DF-400A-995C-1EF7DA358194}.Debug|Any CPU.ActiveCfg = Debug|Any CPU
		{1DFD6CBA-76DF-400A-995C-1EF7DA358194}.Debug|Any CPU.Build.0 = Debug|Any CPU
		{1DFD6CBA-76DF-400A-995C-1EF7DA358194}.Release|Any CPU.ActiveCfg = Release|Any CPU
		{1DFD6CBA-76DF-400A-995C-1EF7DA358194}.Release|Any CPU.Build.0 = Release|Any CPU
		{3687CF56-A38A-4BB0-8471-B0B40A0CB332}.Debug|Any CPU.ActiveCfg = Debug|Any CPU
		{3687CF56-A38A-4BB0-8471-B0B40A0CB332}.Debug|Any CPU.Build.0 = Debug|Any CPU
		{3687CF56-A38A-4BB0-8471-B0B40A0CB332}.Release|Any CPU.ActiveCfg = Release|Any CPU
		{3687CF56-A38A-4BB0-8471-B0B40A0CB332}.Release|Any CPU.Build.0 = Release|Any CPU
	EndGlobalSection
	GlobalSection(SolutionProperties) = preSolution
		HideSolutionNode = FALSE
	EndGlobalSection
	GlobalSection(ExtensibilityGlobals) = postSolution
		SolutionGuid = {7AABCD12-606D-410D-8CAE-6915993FE633}
	EndGlobalSection
EndGlobal
